
Microsoft Visual Studio Solution File, Format Version 12.00
# Visual Studio 14
VisualStudioVersion = 14.0.25420.1
MinimumVisualStudioVersion = 10.0.40219.1
Project("{FAE04EC0-301F-11D3-BF4B-00C04F79EFBC}") = "AutoTrade.Tests", "..\AutoTrade.Tests\AutoTrade.Tests.csproj", "{7F413E0B-7E2E-46DA-9F75-E25F75FDF41F}"
EndProject
Project("{2150E333-8FDC-42A3-9474-1A3956D46DE8}") = "AutoTrade.Data", "AutoTrade.Data", "{1ADC645B-0C51-4C88-AFBB-218449970368}"
	ProjectSection(SolutionItems) = preProject
		..\AutoTrade.Data\INFY.csv = ..\AutoTrade.Data\INFY.csv
		..\AutoTrade.Data\MARUTI.csv = ..\AutoTrade.Data\MARUTI.csv
		..\AutoTrade.Data\ReadMe.txt = ..\AutoTrade.Data\ReadMe.txt
		..\AutoTrade.Data\WIPRO.csv = ..\AutoTrade.Data\WIPRO.csv
	EndProjectSection
EndProject
Project("{FAE04EC0-301F-11D3-BF4B-00C04F79EFBC}") = "AutoTrade.Core", "..\AutoTrade.Core\AutoTrade.Core.csproj", "{007A2969-8CA3-44D5-B463-D24E684EC949}"
EndProject
Project("{FAE04EC0-301F-11D3-BF4B-00C04F79EFBC}") = "AutoTrade.Utils", "..\AutoTrade.Utils\AutoTrade.Utils.csproj", "{48B0E721-5877-4B83-BA89-E04B3F2C9C8B}"
EndProject
Project("{FAE04EC0-301F-11D3-BF4B-00C04F79EFBC}") = "AutoTrade.Csv.FeedProvider", "..\AutoTrade.Csv.FeedProvider\AutoTrade.Csv.FeedProvider.csproj", "{44D2DEC2-6B13-4F6F-9C5C-BC14B3966338}"
EndProject
Global
	GlobalSection(SolutionConfigurationPlatforms) = preSolution
		Debug|Any CPU = Debug|Any CPU
		Release|Any CPU = Release|Any CPU
	EndGlobalSection
	GlobalSection(ProjectConfigurationPlatforms) = postSolution
		{7F413E0B-7E2E-46DA-9F75-E25F75FDF41F}.Debug|Any CPU.ActiveCfg = Debug|Any CPU
		{7F413E0B-7E2E-46DA-9F75-E25F75FDF41F}.Debug|Any CPU.Build.0 = Debug|Any CPU
		{7F413E0B-7E2E-46DA-9F75-E25F75FDF41F}.Release|Any CPU.ActiveCfg = Release|Any CPU
		{7F413E0B-7E2E-46DA-9F75-E25F75FDF41F}.Release|Any CPU.Build.0 = Release|Any CPU
		{007A2969-8CA3-44D5-B463-D24E684EC949}.Debug|Any CPU.ActiveCfg = Debug|Any CPU
		{007A2969-8CA3-44D5-B463-D24E684EC949}.Debug|Any CPU.Build.0 = Debug|Any CPU
		{007A2969-8CA3-44D5-B463-D24E684EC949}.Release|Any CPU.ActiveCfg = Release|Any CPU
		{007A2969-8CA3-44D5-B463-D24E684EC949}.Release|Any CPU.Build.0 = Release|Any CPU
		{48B0E721-5877-4B83-BA89-E04B3F2C9C8B}.Debug|Any CPU.ActiveCfg = Debug|Any CPU
		{48B0E721-5877-4B83-BA89-E04B3F2C9C8B}.Debug|Any CPU.Build.0 = Debug|Any CPU
		{48B0E721-5877-4B83-BA89-E04B3F2C9C8B}.Release|Any CPU.ActiveCfg = Release|Any CPU
		{48B0E721-5877-4B83-BA89-E04B3F2C9C8B}.Release|Any CPU.Build.0 = Release|Any CPU
		{44D2DEC2-6B13-4F6F-9C5C-BC14B3966338}.Debug|Any CPU.ActiveCfg = Debug|Any CPU
		{44D2DEC2-6B13-4F6F-9C5C-BC14B3966338}.Debug|Any CPU.Build.0 = Debug|Any CPU
		{44D2DEC2-6B13-4F6F-9C5C-BC14B3966338}.Release|Any CPU.ActiveCfg = Release|Any CPU
		{44D2DEC2-6B13-4F6F-9C5C-BC14B3966338}.Release|Any CPU.Build.0 = Release|Any CPU
	EndGlobalSection
	GlobalSection(SolutionProperties) = preSolution
		HideSolutionNode = FALSE
	EndGlobalSection
EndGlobal
